
Microsoft Visual Studio Solution File, Format Version 12.00
# Visual Studio Version 17
VisualStudioVersion = 17.7.34003.232
MinimumVisualStudioVersion = 10.0.40219.1
Project("{8BC9CEB8-8B4A-11D0-8D11-00A0C91BC942}") = "WarStorm", "Source\WarStorm\WarStorm.vcxproj", "{5F6989BD-89A0-4AD0-BCBA-81008F9AC989}"
	ProjectSection(ProjectDependencies) = postProject
		{7BAF664F-2D4E-4D8A-8DBB-80DF9F50EF5A} = {7BAF664F-2D4E-4D8A-8DBB-80DF9F50EF5A}
	EndProjectSection
EndProject
Project("{8BC9CEB8-8B4A-11D0-8D11-00A0C91BC942}") = "Game", "Source\Game\Game.vcxproj", "{229B1DCC-C0A3-4D8C-B67D-6A3B68BC538D}"
EndProject
Project("{8BC9CEB8-8B4A-11D0-8D11-00A0C91BC942}") = "Menu", "Source\Menu\Menu.vcxproj", "{5FD28E48-8FC8-40B5-8D08-C55D77BC0A50}"
EndProject
Project("{8BC9CEB8-8B4A-11D0-8D11-00A0C91BC942}") = "Text", "Source\Text\Text.vcxproj", "{6DA69165-E45F-4AF3-831F-0D03410876BA}"
	ProjectSection(ProjectDependencies) = postProject
		{7BAF664F-2D4E-4D8A-8DBB-80DF9F50EF5A} = {7BAF664F-2D4E-4D8A-8DBB-80DF9F50EF5A}
	EndProjectSection
EndProject
Project("{8BC9CEB8-8B4A-11D0-8D11-00A0C91BC942}") = "WSX", "Source\WSX\WSX.vcxproj", "{7BAF664F-2D4E-4D8A-8DBB-80DF9F50EF5A}"
EndProject
Project("{2150E333-8FDC-42A3-9474-1A3956D46DE8}") = "SDK", "SDK", "{71F83C45-A625-456F-A35F-B42B5A8A04E0}"
EndProject
Project("{8BC9CEB8-8B4A-11D0-8D11-00A0C91BC942}") = "libogg", "Source\libogg\libogg.vcxproj", "{D2A217FF-1F35-42AE-9B81-4D84B0E93443}"
EndProject
Project("{8BC9CEB8-8B4A-11D0-8D11-00A0C91BC942}") = "libvorbis", "Source\libvorbis\libvorbis.vcxproj", "{66385923-BAF2-4525-929E-1CDA89E96BD6}"
EndProject
Project("{8BC9CEB8-8B4A-11D0-8D11-00A0C91BC942}") = "libvorbisfile", "Source\libvorbisfile\libvorbisfile.vcxproj", "{E5BED09A-18D3-478A-AF93-FE02B25A0537}"
EndProject
Project("{8BC9CEB8-8B4A-11D0-8D11-00A0C91BC942}") = "winmm", "Source\winmm\winmm.vcxproj", "{AAA8B810-76ED-4500-A1A5-3FCA33C316AD}"
EndProject
Project("{8BC9CEB8-8B4A-11D0-8D11-00A0C91BC942}") = "Yoink", "Source\Yoink\Yoink.vcxproj", "{69F5F276-CE3A-4BE7-8028-60E8E316525D}"
EndProject
Project("{8BC9CEB8-8B4A-11D0-8D11-00A0C91BC942}") = "zlib", "Source\zlib\zlib.vcxproj", "{E2FF48BA-A783-4302-9ECB-7E0BE7334C9B}"
EndProject
Project("{2150E333-8FDC-42A3-9474-1A3956D46DE8}") = "Solution Items", "Solution Items", "{64565D39-A19E-465B-B5B1-FEBA88C26A44}"
	ProjectSection(SolutionItems) = preProject
		WarStorm.x32.ini = WarStorm.x32.ini
		WarStorm.x64.ini = WarStorm.x64.ini
	EndProjectSection
EndProject
Global
	GlobalSection(SolutionConfigurationPlatforms) = preSolution
		Debug|x64 = Debug|x64
		Debug|x86 = Debug|x86
		Release|x64 = Release|x64
		Release|x86 = Release|x86
	EndGlobalSection
	GlobalSection(ProjectConfigurationPlatforms) = postSolution
		{5F6989BD-89A0-4AD0-BCBA-81008F9AC989}.Debug|x64.ActiveCfg = Debug|x64
		{5F6989BD-89A0-4AD0-BCBA-81008F9AC989}.Debug|x64.Build.0 = Debug|x64
		{5F6989BD-89A0-4AD0-BCBA-81008F9AC989}.Debug|x86.ActiveCfg = Debug|Win32
		{5F6989BD-89A0-4AD0-BCBA-81008F9AC989}.Debug|x86.Build.0 = Debug|Win32
		{5F6989BD-89A0-4AD0-BCBA-81008F9AC989}.Release|x64.ActiveCfg = Release|x64
		{5F6989BD-89A0-4AD0-BCBA-81008F9AC989}.Release|x64.Build.0 = Release|x64
		{5F6989BD-89A0-4AD0-BCBA-81008F9AC989}.Release|x86.ActiveCfg = Release|Win32
		{5F6989BD-89A0-4AD0-BCBA-81008F9AC989}.Release|x86.Build.0 = Release|Win32
		{229B1DCC-C0A3-4D8C-B67D-6A3B68BC538D}.Debug|x64.ActiveCfg = Debug|x64
		{229B1DCC-C0A3-4D8C-B67D-6A3B68BC538D}.Debug|x64.Build.0 = Debug|x64
		{229B1DCC-C0A3-4D8C-B67D-6A3B68BC538D}.Debug|x86.ActiveCfg = Debug|Win32
		{229B1DCC-C0A3-4D8C-B67D-6A3B68BC538D}.Debug|x86.Build.0 = Debug|Win32
		{229B1DCC-C0A3-4D8C-B67D-6A3B68BC538D}.Release|x64.ActiveCfg = Release|x64
		{229B1DCC-C0A3-4D8C-B67D-6A3B68BC538D}.Release|x64.Build.0 = Release|x64
		{229B1DCC-C0A3-4D8C-B67D-6A3B68BC538D}.Release|x86.ActiveCfg = Release|Win32
		{229B1DCC-C0A3-4D8C-B67D-6A3B68BC538D}.Release|x86.Build.0 = Release|Win32
		{5FD28E48-8FC8-40B5-8D08-C55D77BC0A50}.Debug|x64.ActiveCfg = Debug|x64
		{5FD28E48-8FC8-40B5-8D08-C55D77BC0A50}.Debug|x64.Build.0 = Debug|x64
		{5FD28E48-8FC8-40B5-8D08-C55D77BC0A50}.Debug|x86.ActiveCfg = Debug|Win32
		{5FD28E48-8FC8-40B5-8D08-C55D77BC0A50}.Debug|x86.Build.0 = Debug|Win32
		{5FD28E48-8FC8-40B5-8D08-C55D77BC0A50}.Release|x64.ActiveCfg = Release|x64
		{5FD28E48-8FC8-40B5-8D08-C55D77BC0A50}.Release|x64.Build.0 = Release|x64
		{5FD28E48-8FC8-40B5-8D08-C55D77BC0A50}.Release|x86.ActiveCfg = Release|Win32
		{5FD28E48-8FC8-40B5-8D08-C55D77BC0A50}.Release|x86.Build.0 = Release|Win32
		{6DA69165-E45F-4AF3-831F-0D03410876BA}.Debug|x64.ActiveCfg = Debug|x64
		{6DA69165-E45F-4AF3-831F-0D03410876BA}.Debug|x64.Build.0 = Debug|x64
		{6DA69165-E45F-4AF3-831F-0D03410876BA}.Debug|x86.ActiveCfg = Debug|Win32
		{6DA69165-E45F-4AF3-831F-0D03410876BA}.Debug|x86.Build.0 = Debug|Win32
		{6DA69165-E45F-4AF3-831F-0D03410876BA}.Release|x64.ActiveCfg = Release|x64
		{6DA69165-E45F-4AF3-831F-0D03410876BA}.Release|x64.Build.0 = Release|x64
		{6DA69165-E45F-4AF3-831F-0D03410876BA}.Release|x86.ActiveCfg = Release|Win32
		{6DA69165-E45F-4AF3-831F-0D03410876BA}.Release|x86.Build.0 = Release|Win32
		{7BAF664F-2D4E-4D8A-8DBB-80DF9F50EF5A}.Debug|x64.ActiveCfg = Debug|x64
		{7BAF664F-2D4E-4D8A-8DBB-80DF9F50EF5A}.Debug|x64.Build.0 = Debug|x64
		{7BAF664F-2D4E-4D8A-8DBB-80DF9F50EF5A}.Debug|x86.ActiveCfg = Debug|Win32
		{7BAF664F-2D4E-4D8A-8DBB-80DF9F50EF5A}.Debug|x86.Build.0 = Debug|Win32
		{7BAF664F-2D4E-4D8A-8DBB-80DF9F50EF5A}.Release|x64.ActiveCfg = Release|x64
		{7BAF664F-2D4E-4D8A-8DBB-80DF9F50EF5A}.Release|x64.Build.0 = Release|x64
		{7BAF664F-2D4E-4D8A-8DBB-80DF9F50EF5A}.Release|x86.ActiveCfg = Release|Win32
		{7BAF664F-2D4E-4D8A-8DBB-80DF9F50EF5A}.Release|x86.Build.0 = Release|Win32
		{D2A217FF-1F35-42AE-9B81-4D84B0E93443}.Debug|x64.ActiveCfg = Debug|x64
		{D2A217FF-1F35-42AE-9B81-4D84B0E93443}.Debug|x64.Build.0 = Debug|x64
		{D2A217FF-1F35-42AE-9B81-4D84B0E93443}.Debug|x86.ActiveCfg = Debug|Win32
		{D2A217FF-1F35-42AE-9B81-4D84B0E93443}.Debug|x86.Build.0 = Debug|Win32
		{D2A217FF-1F35-42AE-9B81-4D84B0E93443}.Release|x64.ActiveCfg = Release|x64
		{D2A217FF-1F35-42AE-9B81-4D84B0E93443}.Release|x64.Build.0 = Release|x64
		{D2A217FF-1F35-42AE-9B81-4D84B0E93443}.Release|x86.ActiveCfg = Release|Win32
		{D2A217FF-1F35-42AE-9B81-4D84B0E93443}.Release|x86.Build.0 = Release|Win32
		{66385923-BAF2-4525-929E-1CDA89E96BD6}.Debug|x64.ActiveCfg = Debug|x64
		{66385923-BAF2-4525-929E-1CDA89E96BD6}.Debug|x64.Build.0 = Debug|x64
		{66385923-BAF2-4525-929E-1CDA89E96BD6}.Debug|x86.ActiveCfg = Debug|Win32
		{66385923-BAF2-4525-929E-1CDA89E96BD6}.Debug|x86.Build.0 = Debug|Win32
		{66385923-BAF2-4525-929E-1CDA89E96BD6}.Release|x64.ActiveCfg = Release|x64
		{66385923-BAF2-4525-929E-1CDA89E96BD6}.Release|x64.Build.0 = Release|x64
		{66385923-BAF2-4525-929E-1CDA89E96BD6}.Release|x86.ActiveCfg = Release|Win32
		{66385923-BAF2-4525-929E-1CDA89E96BD6}.Release|x86.Build.0 = Release|Win32
		{E5BED09A-18D3-478A-AF93-FE02B25A0537}.Debug|x64.ActiveCfg = Debug|x64
		{E5BED09A-18D3-478A-AF93-FE02B25A0537}.Debug|x64.Build.0 = Debug|x64
		{E5BED09A-18D3-478A-AF93-FE02B25A0537}.Debug|x86.ActiveCfg = Debug|Win32
		{E5BED09A-18D3-478A-AF93-FE02B25A0537}.Debug|x86.Build.0 = Debug|Win32
		{E5BED09A-18D3-478A-AF93-FE02B25A0537}.Release|x64.ActiveCfg = Release|x64
		{E5BED09A-18D3-478A-AF93-FE02B25A0537}.Release|x64.Build.0 = Release|x64
		{E5BED09A-18D3-478A-AF93-FE02B25A0537}.Release|x86.ActiveCfg = Release|Win32
		{E5BED09A-18D3-478A-AF93-FE02B25A0537}.Release|x86.Build.0 = Release|Win32
		{AAA8B810-76ED-4500-A1A5-3FCA33C316AD}.Debug|x64.ActiveCfg = Debug|x64
		{AAA8B810-76ED-4500-A1A5-3FCA33C316AD}.Debug|x64.Build.0 = Debug|x64
		{AAA8B810-76ED-4500-A1A5-3FCA33C316AD}.Debug|x86.ActiveCfg = Debug|Win32
		{AAA8B810-76ED-4500-A1A5-3FCA33C316AD}.Debug|x86.Build.0 = Debug|Win32
		{AAA8B810-76ED-4500-A1A5-3FCA33C316AD}.Release|x64.ActiveCfg = Release|x64
		{AAA8B810-76ED-4500-A1A5-3FCA33C316AD}.Release|x64.Build.0 = Release|x64
		{AAA8B810-76ED-4500-A1A5-3FCA33C316AD}.Release|x86.ActiveCfg = Release|Win32
		{AAA8B810-76ED-4500-A1A5-3FCA33C316AD}.Release|x86.Build.0 = Release|Win32
		{69F5F276-CE3A-4BE7-8028-60E8E316525D}.Debug|x64.ActiveCfg = Debug|x64
		{69F5F276-CE3A-4BE7-8028-60E8E316525D}.Debug|x64.Build.0 = Debug|x64
		{69F5F276-CE3A-4BE7-8028-60E8E316525D}.Debug|x86.ActiveCfg = Debug|Win32
		{69F5F276-CE3A-4BE7-8028-60E8E316525D}.Debug|x86.Build.0 = Debug|Win32
		{69F5F276-CE3A-4BE7-8028-60E8E316525D}.Release|x64.ActiveCfg = Release|x64
		{69F5F276-CE3A-4BE7-8028-60E8E316525D}.Release|x64.Build.0 = Release|x64
		{69F5F276-CE3A-4BE7-8028-60E8E316525D}.Release|x86.ActiveCfg = Release|Win32
		{69F5F276-CE3A-4BE7-8028-60E8E316525D}.Release|x86.Build.0 = Release|Win32
		{E2FF48BA-A783-4302-9ECB-7E0BE7334C9B}.Debug|x64.ActiveCfg = Debug|x64
		{E2FF48BA-A783-4302-9ECB-7E0BE7334C9B}.Debug|x64.Build.0 = Debug|x64
		{E2FF48BA-A783-4302-9ECB-7E0BE7334C9B}.Debug|x86.ActiveCfg = Debug|Win32
		{E2FF48BA-A783-4302-9ECB-7E0BE7334C9B}.Debug|x86.Build.0 = Debug|Win32
		{E2FF48BA-A783-4302-9ECB-7E0BE7334C9B}.Release|x64.ActiveCfg = Release|x64
		{E2FF48BA-A783-4302-9ECB-7E0BE7334C9B}.Release|x64.Build.0 = Release|x64
		{E2FF48BA-A783-4302-9ECB-7E0BE7334C9B}.Release|x86.ActiveCfg = Release|Win32
		{E2FF48BA-A783-4302-9ECB-7E0BE7334C9B}.Release|x86.Build.0 = Release|Win32
	EndGlobalSection
	GlobalSection(SolutionProperties) = preSolution
		HideSolutionNode = FALSE
	EndGlobalSection
	GlobalSection(NestedProjects) = preSolution
		{D2A217FF-1F35-42AE-9B81-4D84B0E93443} = {71F83C45-A625-456F-A35F-B42B5A8A04E0}
		{66385923-BAF2-4525-929E-1CDA89E96BD6} = {71F83C45-A625-456F-A35F-B42B5A8A04E0}
		{E5BED09A-18D3-478A-AF93-FE02B25A0537} = {71F83C45-A625-456F-A35F-B42B5A8A04E0}
		{AAA8B810-76ED-4500-A1A5-3FCA33C316AD} = {71F83C45-A625-456F-A35F-B42B5A8A04E0}
		{69F5F276-CE3A-4BE7-8028-60E8E316525D} = {71F83C45-A625-456F-A35F-B42B5A8A04E0}
		{E2FF48BA-A783-4302-9ECB-7E0BE7334C9B} = {71F83C45-A625-456F-A35F-B42B5A8A04E0}
	EndGlobalSection
	GlobalSection(ExtensibilityGlobals) = postSolution
		SolutionGuid = {24D6AC18-C5E1-418A-8EBD-BD207F6CFBEB}
	EndGlobalSection
EndGlobal
